
Microsoft Visual Studio Solution File, Format Version 12.00
# Visual Studio Version 17
VisualStudioVersion = 17.7.34202.233
MinimumVisualStudioVersion = 10.0.40219.1
Project("{8BC9CEB8-8B4A-11D0-8D11-00A0C91BC942}") = "Prokofev 44444", "Prokofev 44444\Prokofev 44444.vcxproj", "{3D374EA9-BB9C-47A8-967B-F368595FAAAB}"
EndProject
Global
	GlobalSection(SolutionConfigurationPlatforms) = preSolution
		Debug|x64 = Debug|x64
		Debug|x86 = Debug|x86
		Release|x64 = Release|x64
		Release|x86 = Release|x86
	EndGlobalSection
	GlobalSection(ProjectConfigurationPlatforms) = postSolution
		{3D374EA9-BB9C-47A8-967B-F368595FAAAB}.Debug|x64.ActiveCfg = Debug|x64
		{3D374EA9-BB9C-47A8-967B-F368595FAAAB}.Debug|x64.Build.0 = Debug|x64
		{3D374EA9-BB9C-47A8-967B-F368595FAAAB}.Debug|x86.ActiveCfg = Debug|Win32
		{3D374EA9-BB9C-47A8-967B-F368595FAAAB}.Debug|x86.Build.0 = Debug|Win32
		{3D374EA9-BB9C-47A8-967B-F368595FAAAB}.Release|x64.ActiveCfg = Release|x64
		{3D374EA9-BB9C-47A8-967B-F368595FAAAB}.Release|x64.Build.0 = Release|x64
		{3D374EA9-BB9C-47A8-967B-F368595FAAAB}.Release|x86.ActiveCfg = Release|Win32
		{3D374EA9-BB9C-47A8-967B-F368595FAAAB}.Release|x86.Build.0 = Release|Win32
	EndGlobalSection
	GlobalSection(SolutionProperties) = preSolution
		HideSolutionNode = FALSE
	EndGlobalSection
	GlobalSection(ExtensibilityGlobals) = postSolution
		SolutionGuid = {12F10DB0-5216-49AB-80EF-3040D169A6CE}
	EndGlobalSection
EndGlobal
